
Microsoft Visual Studio Solution File, Format Version 12.00
# Visual Studio Version 17
VisualStudioVersion = 17.4.33403.182
MinimumVisualStudioVersion = 10.0.40219.1
Project("{9A19103F-16F7-4668-BE54-9A1E7A4F7556}") = "BlazorVinyls.Client", "BlazorVinyls.Client.csproj", "{56E9FED9-075F-4874-A7F5-A24F0C39E3FB}"
EndProject
Project("{9A19103F-16F7-4668-BE54-9A1E7A4F7556}") = "BlazorVinyls.Server", "..\BlazorVinyls.Server\BlazorVinyls.Server.csproj", "{3B2309B8-01EF-41D6-ABF3-239C2F0463B3}"
EndProject
Global
	GlobalSection(SolutionConfigurationPlatforms) = preSolution
		Debug|Any CPU = Debug|Any CPU
		Release|Any CPU = Release|Any CPU
	EndGlobalSection
	GlobalSection(ProjectConfigurationPlatforms) = postSolution
		{56E9FED9-075F-4874-A7F5-A24F0C39E3FB}.Debug|Any CPU.ActiveCfg = Debug|Any CPU
		{56E9FED9-075F-4874-A7F5-A24F0C39E3FB}.Debug|Any CPU.Build.0 = Debug|Any CPU
		{56E9FED9-075F-4874-A7F5-A24F0C39E3FB}.Release|Any CPU.ActiveCfg = Release|Any CPU
		{56E9FED9-075F-4874-A7F5-A24F0C39E3FB}.Release|Any CPU.Build.0 = Release|Any CPU
		{3B2309B8-01EF-41D6-ABF3-239C2F0463B3}.Debug|Any CPU.ActiveCfg = Debug|Any CPU
		{3B2309B8-01EF-41D6-ABF3-239C2F0463B3}.Debug|Any CPU.Build.0 = Debug|Any CPU
		{3B2309B8-01EF-41D6-ABF3-239C2F0463B3}.Release|Any CPU.ActiveCfg = Release|Any CPU
		{3B2309B8-01EF-41D6-ABF3-239C2F0463B3}.Release|Any CPU.Build.0 = Release|Any CPU
	EndGlobalSection
	GlobalSection(SolutionProperties) = preSolution
		HideSolutionNode = FALSE
	EndGlobalSection
	GlobalSection(ExtensibilityGlobals) = postSolution
		SolutionGuid = {A110192E-075D-4AE0-B9B0-939EF69FC0AA}
	EndGlobalSection
EndGlobal
